version = 1
revision = 2
requires-python = ">=3.12"

[[package]]
name = "graphviz"
version = "0.20.3"
source = { registry = "https://pypi.org/simple" }
sdist = { url = "https://files.pythonhosted.org/packages/fa/83/5a40d19b8347f017e417710907f824915fba411a9befd092e52746b63e9f/graphviz-0.20.3.zip", hash = "sha256:09d6bc81e6a9fa392e7ba52135a9d49f1ed62526f96499325930e87ca1b5925d", size = 256455, upload-time = "2024-03-21T07:50:45.772Z" }
wheels = [
    { url = "https://files.pythonhosted.org/packages/00/be/d59db2d1d52697c6adc9eacaf50e8965b6345cc143f671e1ed068818d5cf/graphviz-0.20.3-py3-none-any.whl", hash = "sha256:81f848f2904515d8cd359cc611faba817598d2feaac4027b266aa3eda7b3dde5", size = 47126, upload-time = "2024-03-21T07:50:43.091Z" },
]

[[package]]
name = "json2dot"
version = "0.5.0"
source = { editable = "." }
dependencies = [
    { name = "graphviz" },
]

[package.dev-dependencies]
dev = [
    { name = "setuptools" },
]

[package.metadata]
requires-dist = [{ name = "graphviz", specifier = ">=0.20.1" }]

[package.metadata.requires-dev]
dev = [
    { name = "setuptools" },
    { name = "setuptools", specifier = ">=80.3.0" },
]

[[package]]
name = "setuptools"
version = "80.7.1"
source = { registry = "https://pypi.org/simple" }
sdist = { url = "https://files.pythonhosted.org/packages/9e/8b/dc1773e8e5d07fd27c1632c45c1de856ac3dbf09c0147f782ca6d990cf15/setuptools-80.7.1.tar.gz", hash = "sha256:f6ffc5f0142b1bd8d0ca94ee91b30c0ca862ffd50826da1ea85258a06fd94552", size = 1319188, upload-time = "2025-05-15T02:41:00.955Z" }
wheels = [
    { url = "https://files.pythonhosted.org/packages/a1/18/0e835c3a557dc5faffc8f91092f62fc337c1dab1066715842e7a4b318ec4/setuptools-80.7.1-py3-none-any.whl", hash = "sha256:ca5cc1069b85dc23070a6628e6bcecb3292acac802399c7f8edc0100619f9009", size = 1200776, upload-time = "2025-05-15T02:40:58.887Z" },
]
