version = 1
revision = 2
requires-python = ">=3.12"

[[package]]
name = "graphviz"
version = "0.20.3"
source = { registry = "https://pypi.org/simple" }
sdist = { url = "https://files.pythonhosted.org/packages/fa/83/5a40d19b8347f017e417710907f824915fba411a9befd092e52746b63e9f/graphviz-0.20.3.zip", hash = "sha256:09d6bc81e6a9fa392e7ba52135a9d49f1ed62526f96499325930e87ca1b5925d", size = 256455, upload-time = "2024-03-21T07:50:45.772Z" }
wheels = [
    { url = "https://files.pythonhosted.org/packages/00/be/d59db2d1d52697c6adc9eacaf50e8965b6345cc143f671e1ed068818d5cf/graphviz-0.20.3-py3-none-any.whl", hash = "sha256:81f848f2904515d8cd359cc611faba817598d2feaac4027b266aa3eda7b3dde5", size = 47126, upload-time = "2024-03-21T07:50:43.091Z" },
]

[[package]]
name = "json2dot"
version = "0.5.0"
source = { editable = "." }
dependencies = [
    { name = "graphviz" },
]

[package.dev-dependencies]
dev = [
    { name = "setuptools" },
]

[package.metadata]
requires-dist = [{ name = "graphviz", specifier = ">=0.20.1" }]

[package.metadata.requires-dev]
dev = [
    { name = "setuptools" },
    { name = "setuptools", specifier = ">=80.3.0" },
]

[[package]]
name = "setuptools"
version = "80.8.0"
source = { registry = "https://pypi.org/simple" }
sdist = { url = "https://files.pythonhosted.org/packages/8d/d2/ec1acaaff45caed5c2dedb33b67055ba9d4e96b091094df90762e60135fe/setuptools-80.8.0.tar.gz", hash = "sha256:49f7af965996f26d43c8ae34539c8d99c5042fbff34302ea151eaa9c207cd257", size = 1319720, upload-time = "2025-05-20T14:02:53.503Z" }
wheels = [
    { url = "https://files.pythonhosted.org/packages/58/29/93c53c098d301132196c3238c312825324740851d77a8500a2462c0fd888/setuptools-80.8.0-py3-none-any.whl", hash = "sha256:95a60484590d24103af13b686121328cc2736bee85de8936383111e421b9edc0", size = 1201470, upload-time = "2025-05-20T14:02:51.348Z" },
]
