version = 1
revision = 2
requires-python = ">=3.12"

[[package]]
name = "graphviz"
version = "0.20.3"
source = { registry = "https://pypi.org/simple" }
sdist = { url = "https://files.pythonhosted.org/packages/fa/83/5a40d19b8347f017e417710907f824915fba411a9befd092e52746b63e9f/graphviz-0.20.3.zip", hash = "sha256:09d6bc81e6a9fa392e7ba52135a9d49f1ed62526f96499325930e87ca1b5925d", size = 256455, upload-time = "2024-03-21T07:50:45.772Z" }
wheels = [
    { url = "https://files.pythonhosted.org/packages/00/be/d59db2d1d52697c6adc9eacaf50e8965b6345cc143f671e1ed068818d5cf/graphviz-0.20.3-py3-none-any.whl", hash = "sha256:81f848f2904515d8cd359cc611faba817598d2feaac4027b266aa3eda7b3dde5", size = 47126, upload-time = "2024-03-21T07:50:43.091Z" },
]

[[package]]
name = "json2dot"
version = "0.4.0"
source = { editable = "." }
dependencies = [
    { name = "graphviz" },
]

[package.dev-dependencies]
dev = [
    { name = "setuptools" },
]

[package.metadata]
requires-dist = [{ name = "graphviz", specifier = ">=0.20.1" }]

[package.metadata.requires-dev]
dev = [
    { name = "setuptools" },
    { name = "setuptools", specifier = ">=80.3.0" },
]

[[package]]
name = "setuptools"
version = "80.3.0"
source = { registry = "https://pypi.org/simple" }
sdist = { url = "https://files.pythonhosted.org/packages/51/6c/a3f892949418b5b9aced7396919c75ffb57e38f08b712b565f5eb10677ee/setuptools-80.3.0.tar.gz", hash = "sha256:ec8308eb180b2312062b1c5523204acf872cd8b0a9e6c2ae76431b22bc4065d7", size = 1314475, upload-time = "2025-05-03T09:17:32.334Z" }
wheels = [
    { url = "https://files.pythonhosted.org/packages/e6/61/a6239ff35d64e55def020335626894895847cc6659c0f8e1b676c58aad3b/setuptools-80.3.0-py3-none-any.whl", hash = "sha256:a65cffc4fb86167e3020b3ef58e08226baad8b29a3b34ce2c9d07e901bac481d", size = 1200273, upload-time = "2025-05-03T09:17:29.995Z" },
]
